
Microsoft Visual Studio Solution File, Format Version 12.00
# Visual Studio Version 17
VisualStudioVersion = 17.4.33205.214
MinimumVisualStudioVersion = 10.0.40219.1
Project("{FAE04EC0-301F-11D3-BF4B-00C04F79EFBC}") = "RandomWordService", "RandomWordService\RandomWordService.csproj", "{241F5519-DDC2-45E8-AF87-AE9911B386B5}"
EndProject
Global
	GlobalSection(SolutionConfigurationPlatforms) = preSolution
		Debug|Any CPU = Debug|Any CPU
		Release|Any CPU = Release|Any CPU
	EndGlobalSection
	GlobalSection(ProjectConfigurationPlatforms) = postSolution
		{241F5519-DDC2-45E8-AF87-AE9911B386B5}.Debug|Any CPU.ActiveCfg = Debug|Any CPU
		{241F5519-DDC2-45E8-AF87-AE9911B386B5}.Debug|Any CPU.Build.0 = Debug|Any CPU
		{241F5519-DDC2-45E8-AF87-AE9911B386B5}.Release|Any CPU.ActiveCfg = Release|Any CPU
		{241F5519-DDC2-45E8-AF87-AE9911B386B5}.Release|Any CPU.Build.0 = Release|Any CPU
	EndGlobalSection
	GlobalSection(SolutionProperties) = preSolution
		HideSolutionNode = FALSE
	EndGlobalSection
	GlobalSection(ExtensibilityGlobals) = postSolution
		SolutionGuid = {FBD5B556-2D47-479C-AC1D-6F8782955C81}
	EndGlobalSection
EndGlobal
